Microsoft Visual Studio Solution File, Format Version 12.00
# Visual Studio Version 17
VisualStudioVersion = 17.5.2.0
MinimumVisualStudioVersion = 10.0.40219.1
Project("{FAE04EC0-301F-11D3-BF4B-00C04F79EFBC}") = "aok_s2", "aok_s2.csproj", "{2C1157F6-4BE6-1897-F45A-3DC5CAA4EE49}"
EndProject
Global
	GlobalSection(SolutionConfigurationPlatforms) = preSolution
		Debug|Any CPU = Debug|Any CPU
		Release|Any CPU = Release|Any CPU
	EndGlobalSection
	GlobalSection(ProjectConfigurationPlatforms) = postSolution
		{2C1157F6-4BE6-1897-F45A-3DC5CAA4EE49}.Debug|Any CPU.ActiveCfg = Debug|Any CPU
		{2C1157F6-4BE6-1897-F45A-3DC5CAA4EE49}.Debug|Any CPU.Build.0 = Debug|Any CPU
		{2C1157F6-4BE6-1897-F45A-3DC5CAA4EE49}.Release|Any CPU.ActiveCfg = Release|Any CPU
		{2C1157F6-4BE6-1897-F45A-3DC5CAA4EE49}.Release|Any CPU.Build.0 = Release|Any CPU
	EndGlobalSection
	GlobalSection(SolutionProperties) = preSolution
		HideSolutionNode = FALSE
	EndGlobalSection
	GlobalSection(ExtensibilityGlobals) = postSolution
		SolutionGuid = {7E572B9B-95EB-45E0-90A9-9AA170D7F597}
	EndGlobalSection
EndGlobal
